{
  "version": 4,
  "terraform_version": "1.9.7",
  "serial": 14,
  "lineage": "03acb47a-f168-5406-f0ce-dcd78493cc2d",
  "outputs": {},
  "resources": [
    {
      "mode": "data",
      "type": "tls_certificate",
      "name": "terraform_cloud_certificate",
      "provider": "provider[\"registry.terraform.io/hashicorp/tls\"]",
      "instances": [
        {
          "schema_version": 0,
          "attributes": {
            "certificates": [
              {
                "cert_pem": "-----BEGIN CERTIFICATE-----\nMIIEdTCCA12gAwIBAgIJAKcOSkw0grd/MA0GCSqGSIb3DQEBCwUAMGgxCzAJBgNV\nBAYTAlVTMSUwIwYDVQQKExxTdGFyZmllbGQgVGVjaG5vbG9naWVzLCBJbmMuMTIw\nMAYDVQQLEylTdGFyZmllbGQgQ2xhc3MgMiBDZXJ0aWZpY2F0aW9uIEF1dGhvcml0\neTAeFw0wOTA5MDIwMDAwMDBaFw0zNDA2MjgxNzM5MTZaMIGYMQswCQYDVQQGEwJV\nUzEQMA4GA1UECBMHQXJpem9uYTETMBEGA1UEBxMKU2NvdHRzZGFsZTElMCMGA1UE\nChMcU3RhcmZpZWxkIFRlY2hub2xvZ2llcywgSW5jLjE7MDkGA1UEAxMyU3RhcmZp\nZWxkIFNlcnZpY2VzIFJvb3QgQ2VydGlmaWNhdGUgQXV0aG9yaXR5IC0gRzIwggEi\nMA0GCSqGSIb3DQEBAQUAA4IBDwAwggEKAoIBAQDVDDrEKvlO4vW+GZdfjohTsR8/\ny8+fIBNtKTrID30892t2OGPZNmCom15cAICyL1l/9of5JUOG52kbUpqQ4XHj2C0N\nTm/2yEnZtvMaVq4rtnQU68/7JuMauh2WLmo7WJSJR1b/JaCTcFOD2oR0FMNnngRo\nOt+OQFodSk7PQ5E751bWAHDLUu57fa4657wx+UX2wmDPE1kCK4DMNEffud6QZW0C\nzyyRpqbn3oUYSXxmTqM6bam17jQuug0DuDPfR+uxa40l2ZvOgdFFRjKWcIfeAg5J\nQ4W2bHO7ZOphQazJ1FTfhy/HIrImzJ9ZVGif/L4qL8RVHHVAYBeFAlU5i38FAgMB\nAAGjgfAwge0wDwYDVR0TAQH/BAUwAwEB/zAOBgNVHQ8BAf8EBAMCAYYwHQYDVR0O\nBBYEFJxfAN+qAdcwKziIorhtSpzyEZGDMB8GA1UdIwQYMBaAFL9ft9HO3R+G9FtV\nrNzXEMIOqYjnME8GCCsGAQUFBwEBBEMwQTAcBggrBgEFBQcwAYYQaHR0cDovL28u\nc3MyLnVzLzAhBggrBgEFBQcwAoYVaHR0cDovL3guc3MyLnVzL3guY2VyMCYGA1Ud\nHwQfMB0wG6AZoBeGFWh0dHA6Ly9zLnNzMi51cy9yLmNybDARBgNVHSAECjAIMAYG\nBFUdIAAwDQYJKoZIhvcNAQELBQADggEBACMd44pXyn3pF3lM8R5V/cxTbj5HD9/G\nVfKyBDbtgB9TxF00KGu+x1X8Z+rLP3+QsjPNG1gQggL4+C/1E2DUBc7xgQjB3ad1\nl08YuW3e95ORCLp+QCztweq7dp4zBncdDQh/U90bZKuCJ/Fp1U1ervShw3WnWEQt\n8jxwmKy6abaVd38PMV4s/KCHOkdp8Hlf9BRUpJVeEXgSYCfOn8J3/yNTd126/+pZ\n59vPr5KW7ySaNRB6nJHGDn2Z9j8Z3/VyVOEVqQdZe4O/Ui5GjLIAZHYcSNPYeehu\nVsyuLAOQ1xk4meTKCRlb/weWsKh/NEnfVqn3sF/tM+2MR7cwA130A4w=\n-----END CERTIFICATE-----\n",
                "is_ca": true,
                "issuer": "OU=Starfield Class 2 Certification Authority,O=Starfield Technologies\\, Inc.,C=US",
                "not_after": "2034-06-28T17:39:16Z",
                "not_before": "2009-09-02T00:00:00Z",
                "public_key_algorithm": "RSA",
                "serial_number": "12037640545166866303",
                "sha1_fingerprint": "9e99a48a9960b14926bb7f3b02e22da2b0ab7280",
                "signature_algorithm": "SHA256-RSA",
                "subject": "CN=Starfield Services Root Certificate Authority - G2,O=Starfield Technologies\\, Inc.,L=Scottsdale,ST=Arizona,C=US",
                "version": 3
              },
              {
                "cert_pem": "-----BEGIN CERTIFICATE-----\nMIIEkjCCA3qgAwIBAgITBn+USionzfP6wq4rAfkI7rnExjANBgkqhkiG9w0BAQsF\nADCBmDELMAkGA1UEBhMCVVMxEDAOBgNVBAgTB0FyaXpvbmExEzARBgNVBAcTClNj\nb3R0c2RhbGUxJTAjBgNVBAoTHFN0YXJmaWVsZCBUZWNobm9sb2dpZXMsIEluYy4x\nOzA5BgNVBAMTMlN0YXJmaWVsZCBTZXJ2aWNlcyBSb290IENlcnRpZmljYXRlIEF1\ndGhvcml0eSAtIEcyMB4XDTE1MDUyNTEyMDAwMFoXDTM3MTIzMTAxMDAwMFowOTEL\nMAkGA1UEBhMCVVMxDzANBgNVBAoTBkFtYXpvbjEZMBcGA1UEAxMQQW1hem9uIFJv\nb3QgQ0EgMTCCASIwDQYJKoZIhvcNAQEBBQADggEPADCCAQoCggEBALJ4gHHKeNXj\nca9HgFB0fW7Y14h29Jlo91ghYPl0hAEvrAIthtOgQ3pOsqTQNroBvo3bSMgHFzZM\n9O6II8c+6zf1tRn4SWiw3te5djgdYZ6k/oI2peVKVuRF4fn9tBb6dNqcmzU5L/qw\nIFAGbHrQgLKm+a/sRxmPUDgH3KKHOVj4utWp+UhnMJbulHheb4mjUcAwhmahRWa6\nVOujw5H5SNz/0egwLX0tdHA114gk957EWW67c4cX8jJGKLhD+rcdqsq08p8kDi1L\n93FcXmn/6pUCyziKrlA4b9v7LWIbxcceVOF34GfID5yHI9Y/QCB/IIDEgEw+OyQm\njgSubJrIqg0CAwEAAaOCATEwggEtMA8GA1UdEwEB/wQFMAMBAf8wDgYDVR0PAQH/\nBAQDAgGGMB0GA1UdDgQWBBSEGMyFNOy8DJSULghZnMeyEE4KCDAfBgNVHSMEGDAW\ngBScXwDfqgHXMCs4iKK4bUqc8hGRgzB4BggrBgEFBQcBAQRsMGowLgYIKwYBBQUH\nMAGGImh0dHA6Ly9vY3NwLnJvb3RnMi5hbWF6b250cnVzdC5jb20wOAYIKwYBBQUH\nMAKGLGh0dHA6Ly9jcnQucm9vdGcyLmFtYXpvbnRydXN0LmNvbS9yb290ZzIuY2Vy\nMD0GA1UdHwQ2MDQwMqAwoC6GLGh0dHA6Ly9jcmwucm9vdGcyLmFtYXpvbnRydXN0\nLmNvbS9yb290ZzIuY3JsMBEGA1UdIAQKMAgwBgYEVR0gADANBgkqhkiG9w0BAQsF\nAAOCAQEAYjdCXLwQtT6LLOkMm2xF4gcAevnFWAu5CIw+7bMlPLVvUOTNNWqnkzSW\nMiGpSESrnO09tKpzbeR/FoCJbM8oAxiDR3mjEH4wW6w7sGDgd9QIpuEdfF7Au/ma\neyKdpwAJfqxGF4PcnCZXmTA5YpaP7dreqsXMGz7KQ2hsVxa81Q4gLv7/wmpdLqBK\nbRRYh5TmOTFffHPLkIhqhBGWJ6bt2YFGpn6jcgAKUj6DiAdjd4lpFw85hdKrCEVN\n0FE6/V1dN2RMfjCyVSRCnTawXZwXgWHxyvkQAiSr6w10kY17RSlQOYiypok1JR4U\nakcjMS9cmvqtmg5iUaQqqcT5NJ0hGA==\n-----END CERTIFICATE-----\n",
                "is_ca": true,
                "issuer": "CN=Starfield Services Root Certificate Authority - G2,O=Starfield Technologies\\, Inc.,L=Scottsdale,ST=Arizona,C=US",
                "not_after": "2037-12-31T01:00:00Z",
                "not_before": "2015-05-25T12:00:00Z",
                "public_key_algorithm": "RSA",
                "serial_number": "144918191876577076464031512351042010504348870",
                "sha1_fingerprint": "06b25927c42a721631c1efd9431e648fa62e1e39",
                "signature_algorithm": "SHA256-RSA",
                "subject": "CN=Amazon Root CA 1,O=Amazon,C=US",
                "version": 3
              },
              {
                "cert_pem": "-----BEGIN CERTIFICATE-----\nMIIEXjCCA0agAwIBAgITB3MSTNQG0mfAmRzdKZqfODF5hTANBgkqhkiG9w0BAQsF\nADA5MQswCQYDVQQGEwJVUzEPMA0GA1UEChMGQW1hem9uMRkwFwYDVQQDExBBbWF6\nb24gUm9vdCBDQSAxMB4XDTIyMDgyMzIyMjYwNFoXDTMwMDgyMzIyMjYwNFowPDEL\nMAkGA1UEBhMCVVMxDzANBgNVBAoTBkFtYXpvbjEcMBoGA1UEAxMTQW1hem9uIFJT\nQSAyMDQ4IE0wMzCCASIwDQYJKoZIhvcNAQEBBQADggEPADCCAQoCggEBALd/pVko\n8vuM475Tf45HV3BbCl/B9Jy89G1CRkFjcPY06WA9lS+7dWbUA7GtWUKoksr69hKM\nwcMsNpxlw7b3jeXFgxB09/nmalcAWtnLzF+LaDKEA5DQmvKzuh1nfIfqEiKCQSmX\nXh09Xs+dO7cm5qbaL2hhNJCSAejciwcvOFgFNgEMR42wm6KIFHsQW28jhA+1u/M0\np6fVwReuEgZfLfdx82Px0LJck3lST3EB/JfbdsdOzzzg5YkY1dfuqf8y5fUeZ7Cz\nWXbTjujwX/TovmeWKA36VLCz75azW6tDNuDn66FOpADZZ9omVaF6BqNJiLMVl6P3\n/c0OiUMC6Z5OfKcCAwEAAaOCAVowggFWMBIGA1UdEwEB/wQIMAYBAf8CAQAwDgYD\nVR0PAQH/BAQDAgGGMB0GA1UdJQQWMBQGCCsGAQUFBwMBBggrBgEFBQcDAjAdBgNV\nHQ4EFgQUVdkYX9IczAHhWLS+q9lVQgHXLgIwHwYDVR0jBBgwFoAUhBjMhTTsvAyU\nlC4IWZzHshBOCggwewYIKwYBBQUHAQEEbzBtMC8GCCsGAQUFBzABhiNodHRwOi8v\nb2NzcC5yb290Y2ExLmFtYXpvbnRydXN0LmNvbTA6BggrBgEFBQcwAoYuaHR0cDov\nL2NydC5yb290Y2ExLmFtYXpvbnRydXN0LmNvbS9yb290Y2ExLmNlcjA/BgNVHR8E\nODA2MDSgMqAwhi5odHRwOi8vY3JsLnJvb3RjYTEuYW1hem9udHJ1c3QuY29tL3Jv\nb3RjYTEuY3JsMBMGA1UdIAQMMAowCAYGZ4EMAQIBMA0GCSqGSIb3DQEBCwUAA4IB\nAQAGjeWm2cC+3z2MzSCnte46/7JZvj3iQZDY7EvODNdZF41n71Lrk9kbfNwerK0d\nVNzW36Wefr7j7ZSwBVg50W5ay65jNSN74TTQV1yt4WnSbVvN6KlMs1hiyOZdoHKs\nKDV2UGNxbdoBYCQNa2GYF8FQIWLugNp35aSOpMy6cFlymFQomIrnOQHwK1nvVY4q\nxDSJMU/gNJz17D8ArPN3ngnyZ2TwepJ0uBINz3G5te2rdFUF4i4Y3Bb7FUlHDYm4\nu8aIRGpk2ZpfXmxaoxnbIBZRvGLPSUuPwnwoUOMsJ8jirI5vs2dvchPb7MtI1rle\ni02f2ivH2vxkjDLltSpe2fiC\n-----END CERTIFICATE-----\n",
                "is_ca": true,
                "issuer": "CN=Amazon Root CA 1,O=Amazon,C=US",
                "not_after": "2030-08-23T22:26:04Z",
                "not_before": "2022-08-23T22:26:04Z",
                "public_key_algorithm": "RSA",
                "serial_number": "166129356476704345391986644047206454194698629",
                "sha1_fingerprint": "d9fe0a65fa00cabf61f5120d373a8135e1461f15",
                "signature_algorithm": "SHA256-RSA",
                "subject": "CN=Amazon RSA 2048 M03,O=Amazon,C=US",
                "version": 3
              },
              {
                "cert_pem": "-----BEGIN CERTIFICATE-----\nMIIGQTCCBSmgAwIBAgIQBOHviPpaEZygahNTIeca5DANBgkqhkiG9w0BAQsFADA8\nMQswCQYDVQQGEwJVUzEPMA0GA1UEChMGQW1hem9uMRwwGgYDVQQDExNBbWF6b24g\nUlNBIDIwNDggTTAzMB4XDTIzMTIxMzAwMDAwMFoXDTI1MDExMDIzNTk1OVowGzEZ\nMBcGA1UEAxMQYXBwLnRlcnJhZm9ybS5pbzCCASIwDQYJKoZIhvcNAQEBBQADggEP\nADCCAQoCggEBAM7AdEiQZpHd14UzP0wgV8bZGHZ8TBG6PmzCp2JeLTRB8UUq1n74\noXDYAXUtDUTnqOtAldrNF5VVxMaSx+K3Wqv1WScxX3GyjcNJz6bCOJg8gYtnbyNP\n3xXHONuVvJgsHFBvC48Aqu9p462fZcxeA5DHudFwB5d/qi7wcesfnAS2y1YwBsRJ\njfUw86nIn9Gv3So/QCzJHYIG76Z8Xn07+5X8eaM7a51LBP40qk9KURRSo7uuQPGs\nksqYQD6vIA+Bi5e4m/c+S9jsQhvqJqzoUh4NP7qcGWYHQvdSF7XxOYRAqgyVvWNg\nHp7vDHOf0om1Dq6SJiheUxVHxymW3UFboL0CAwEAAaOCA14wggNaMB8GA1UdIwQY\nMBaAFFXZGF/SHMwB4Vi0vqvZVUIB1y4CMB0GA1UdDgQWBBRqfWVnj4dL7Zr9dJf8\nLyNj2AlVpDCBjgYDVR0RBIGGMIGDghBhcHAudGVycmFmb3JtLmlvghNhZ2VudHMu\ndGVycmFmb3JtLmlvghRiaWxsaW5nLnRlcnJhZm9ybS5pb4ITYXRsYXMuaGFzaGlj\nb3JwLmNvbYIXYXJjaGl2aXN0Lmhhc2hpY29ycC5jb22CFmFyY2hpdmlzdC50ZXJy\nYWZvcm0uaW8wEwYDVR0gBAwwCjAIBgZngQwBAgEwDgYDVR0PAQH/BAQDAgWgMB0G\nA1UdJQQWMBQGCCsGAQUFBwMBBggrBgEFBQcDAjA7BgNVHR8ENDAyMDCgLqAshipo\ndHRwOi8vY3JsLnIybTAzLmFtYXpvbnRydXN0LmNvbS9yMm0wMy5jcmwwdQYIKwYB\nBQUHAQEEaTBnMC0GCCsGAQUFBzABhiFodHRwOi8vb2NzcC5yMm0wMy5hbWF6b250\ncnVzdC5jb20wNgYIKwYBBQUHMAKGKmh0dHA6Ly9jcnQucjJtMDMuYW1hem9udHJ1\nc3QuY29tL3IybTAzLmNlcjAMBgNVHRMBAf8EAjAAMIIBfwYKKwYBBAHWeQIEAgSC\nAW8EggFrAWkAdgDPEVbu1S58r/OHW9lpLpvpGnFnSrAX7KwB0lt3zsw7CAAAAYxl\nQQ1eAAAEAwBHMEUCIQCLeB52PHTm1PvxEztsEcBVLg81ubpBNvdG5HRWPsVL6wIg\nSlJJlzB+eRlFl6JnqsUxGAFtSl/gU8UDBZjIjOsJwCwAdgA/F0tP1yJHWJQdZRyE\nvg0S7ZA3fx+FauvBvyiF7PhkbgAAAYxlQQ1ZAAAEAwBHMEUCICoGwds9xLT7m2cv\n1rHffWFOg/30ZwWaF3YQ5/nNKUPjAiEAp5syQpwwKLerEvmeHbtLW3gFsCSwV8lU\naGHBDlht8l8AdwB9WR4S4XgqexxhZ3xe/fjQh1wUoE6VnrkDL9kOjC55uAAAAYxl\nQQ1KAAAEAwBIMEYCIQDKRgN9Q0NhIdP6quYQ6iGraWN5Nx9N/QjD/wIU/I3DgQIh\nALewkXo2IeH9LL42ktJtQoHptS67Q1NAZnokKGnz3mkNMA0GCSqGSIb3DQEBCwUA\nA4IBAQA3yilmGDUNFJEKRtonu04o3bxqctToiHm+1kDzVhtG/6+/YCOkbets9RDS\nNtUAB81neGqIC18q96ighFAeJLiJklIx3HshLq2Q1J1h1RVRtNepNgOQINOOSKVn\nNDyzAUxM+4VEzd6Ac2RNofvcK+0blmXS9KEGXvwtiNnbGDvuZjZSfOvVK2qWpM0J\nrv8u4xjCtUB0Z66Kmh6LJlJAuClEVxxxWdzkQZIQYxM0/m9dRHITX7VqeyAUtx9s\nhBU98ucJLYJ+KbWUSum2SJm6XgoRtBj/NHZXk4cyhMua/VkzHCBA5Q6Svytz4sPN\nIIXYU+0sowL+DiXRa78cfugobN8o\n-----END CERTIFICATE-----\n",
                "is_ca": false,
                "issuer": "CN=Amazon RSA 2048 M03,O=Amazon,C=US",
                "not_after": "2025-01-10T23:59:59Z",
                "not_before": "2023-12-13T00:00:00Z",
                "public_key_algorithm": "RSA",
                "serial_number": "6490037124715513345798766761179814628",
                "sha1_fingerprint": "fd8823aefb961328a134706dc8575a170f0bb37c",
                "signature_algorithm": "SHA256-RSA",
                "subject": "CN=app.terraform.io",
                "version": 3
              }
            ],
            "content": null,
            "id": "7617efcd013e1f5f3d088c860e651bb25c6ed982",
            "url": "https://app.terraform.io",
            "verify_chain": true
          },
          "sensitive_attributes": []
        }
      ]
    },
    {
      "mode": "managed",
      "type": "aws_iam_openid_connect_provider",
      "name": "terraform_iam_openid_provider",
      "provider": "provider[\"registry.terraform.io/hashicorp/aws\"]",
      "instances": [
        {
          "schema_version": 0,
          "attributes": {
            "arn": "arn:aws:iam::339712758060:oidc-provider/app.terraform.io",
            "client_id_list": [
              "terraform-cloud.aws-workload-identity"
            ],
            "id": "arn:aws:iam::339712758060:oidc-provider/app.terraform.io",
            "tags": null,
            "tags_all": {},
            "thumbprint_list": [
              "9e99a48a9960b14926bb7f3b02e22da2b0ab7280"
            ],
            "url": "app.terraform.io"
          },
          "sensitive_attributes": [],
          "private": "bnVsbA==",
          "dependencies": [
            "data.tls_certificate.terraform_cloud_certificate"
          ]
        }
      ]
    },
    {
      "mode": "managed",
      "type": "aws_iam_policy",
      "name": "deny_s3_deletions",
      "provider": "provider[\"registry.terraform.io/hashicorp/aws\"]",
      "instances": [
        {
          "schema_version": 0,
          "attributes": {
            "arn": "arn:aws:iam::339712758060:policy/DenyS3Deletions",
            "attachment_count": 0,
            "description": "Denies deletion of S3 buckets and objects",
            "id": "arn:aws:iam::339712758060:policy/DenyS3Deletions",
            "name": "DenyS3Deletions",
            "name_prefix": "",
            "path": "/",
            "policy": "{\"Statement\":[{\"Action\":[\"s3:DeleteBucket\",\"s3:DeleteObject\",\"s3:DeleteObjectVersion\"],\"Effect\":\"Deny\",\"Resource\":\"*\"}],\"Version\":\"2012-10-17\"}",
            "policy_id": "ANPAU6GDVKEWLMLZTL3JU",
            "tags": null,
            "tags_all": {}
          },
          "sensitive_attributes": [],
          "private": "bnVsbA=="
        }
      ]
    },
    {
      "mode": "managed",
      "type": "aws_iam_role",
      "name": "terraform_cloud_role",
      "provider": "provider[\"registry.terraform.io/hashicorp/aws\"]",
      "instances": [
        {
          "schema_version": 0,
          "attributes": {
            "arn": "arn:aws:iam::339712758060:role/TerraformCloudRole",
            "assume_role_policy": "{\"Statement\":[{\"Action\":\"sts:AssumeRoleWithWebIdentity\",\"Condition\":{\"StringEquals\":{\"app.terraform.io:aud\":\"terraform-cloud.aws-workload-identity\"},\"StringLike\":{\"app.terraform.io:sub\":\"organization:abacus_org:project:default_project:workspace:genesis:run_phase:*\"}},\"Effect\":\"Allow\",\"Principal\":{\"Federated\":\"arn:aws:iam::339712758060:oidc-provider/app.terraform.io\"}}],\"Version\":\"2012-10-17\"}",
            "create_date": "2024-10-13T23:06:23Z",
            "description": "",
            "force_detach_policies": false,
            "id": "TerraformCloudRole",
            "inline_policy": [],
            "managed_policy_arns": [],
            "max_session_duration": 3600,
            "name": "TerraformCloudRole",
            "name_prefix": "",
            "path": "/",
            "permissions_boundary": "",
            "tags": null,
            "tags_all": {},
            "unique_id": "AROAU6GDVKEWJY6QYAVGX"
          },
          "sensitive_attributes": [],
          "private": "bnVsbA==",
          "dependencies": [
            "aws_iam_openid_connect_provider.terraform_iam_openid_provider",
            "data.tls_certificate.terraform_cloud_certificate"
          ]
        }
      ]
    },
    {
      "mode": "managed",
      "type": "aws_iam_role_policy_attachment",
      "name": "terraform_cloud_deny_s3_deletions_attachment",
      "provider": "provider[\"registry.terraform.io/hashicorp/aws\"]",
      "instances": [
        {
          "schema_version": 0,
          "attributes": {
            "id": "TerraformCloudRole-20241013230623647700000001",
            "policy_arn": "arn:aws:iam::339712758060:policy/DenyS3Deletions",
            "role": "TerraformCloudRole"
          },
          "sensitive_attributes": [],
          "private": "bnVsbA==",
          "dependencies": [
            "aws_iam_openid_connect_provider.terraform_iam_openid_provider",
            "aws_iam_policy.deny_s3_deletions",
            "aws_iam_role.terraform_cloud_role",
            "data.tls_certificate.terraform_cloud_certificate"
          ]
        }
      ]
    },
    {
      "mode": "managed",
      "type": "aws_iam_role_policy_attachment",
      "name": "terraform_cloud_iam_policy_attachment",
      "provider": "provider[\"registry.terraform.io/hashicorp/aws\"]",
      "instances": [
        {
          "schema_version": 0,
          "attributes": {
            "id": "TerraformCloudRole-20241013230623776800000003",
            "policy_arn": "arn:aws:iam::aws:policy/IAMFullAccess",
            "role": "TerraformCloudRole"
          },
          "sensitive_attributes": [],
          "private": "bnVsbA==",
          "dependencies": [
            "aws_iam_openid_connect_provider.terraform_iam_openid_provider",
            "aws_iam_role.terraform_cloud_role",
            "data.tls_certificate.terraform_cloud_certificate"
          ]
        }
      ]
    },
    {
      "mode": "managed",
      "type": "aws_iam_role_policy_attachment",
      "name": "terraform_cloud_organizations_policy_attachment",
      "provider": "provider[\"registry.terraform.io/hashicorp/aws\"]",
      "instances": [
        {
          "schema_version": 0,
          "attributes": {
            "id": "TerraformCloudRole-20241013230623715000000002",
            "policy_arn": "arn:aws:iam::aws:policy/AWSOrganizationsFullAccess",
            "role": "TerraformCloudRole"
          },
          "sensitive_attributes": [],
          "private": "bnVsbA==",
          "dependencies": [
            "aws_iam_openid_connect_provider.terraform_iam_openid_provider",
            "aws_iam_role.terraform_cloud_role",
            "data.tls_certificate.terraform_cloud_certificate"
          ]
        }
      ]
    },
    {
      "mode": "managed",
      "type": "aws_iam_role_policy_attachment",
      "name": "terraform_cloud_power_user_policy_attachment",
      "provider": "provider[\"registry.terraform.io/hashicorp/aws\"]",
      "instances": [
        {
          "schema_version": 0,
          "attributes": {
            "id": "TerraformCloudRole-20241013230623888900000004",
            "policy_arn": "arn:aws:iam::aws:policy/PowerUserAccess",
            "role": "TerraformCloudRole"
          },
          "sensitive_attributes": [],
          "private": "bnVsbA==",
          "dependencies": [
            "aws_iam_openid_connect_provider.terraform_iam_openid_provider",
            "aws_iam_role.terraform_cloud_role",
            "data.tls_certificate.terraform_cloud_certificate"
          ]
        }
      ]
    },
    {
      "mode": "managed",
      "type": "aws_organizations_account",
      "name": "abacus_images",
      "provider": "provider[\"registry.terraform.io/hashicorp/aws\"]",
      "instances": [
        {
          "schema_version": 0,
          "attributes": {
            "arn": "arn:aws:organizations::339712758060:account/o-5hzhyf326b/992382556889",
            "close_on_deletion": null,
            "create_govcloud": null,
            "email": "the.abacus.app+images@gmail.com",
            "govcloud_id": null,
            "iam_user_access_to_billing": null,
            "id": "992382556889",
            "joined_method": "CREATED",
            "joined_timestamp": "2024-07-07T23:32:13Z",
            "name": "abacus-images",
            "parent_id": "r-u3my",
            "role_name": null,
            "status": "ACTIVE",
            "tags": {},
            "tags_all": {}
          },
          "sensitive_attributes": [],
          "private": "eyJzY2hlbWFfdmVyc2lvbiI6IjAifQ=="
        }
      ]
    },
    {
      "mode": "managed",
      "type": "aws_organizations_account",
      "name": "abacus_org",
      "provider": "provider[\"registry.terraform.io/hashicorp/aws\"]",
      "instances": [
        {
          "schema_version": 0,
          "attributes": {
            "arn": "arn:aws:organizations::339712758060:account/o-5hzhyf326b/339712758060",
            "close_on_deletion": null,
            "create_govcloud": null,
            "email": "the.abacus.app@gmail.com",
            "govcloud_id": null,
            "iam_user_access_to_billing": null,
            "id": "339712758060",
            "joined_method": "INVITED",
            "joined_timestamp": "2024-07-07T23:26:07Z",
            "name": "abacus-org",
            "parent_id": "r-u3my",
            "role_name": null,
            "status": "ACTIVE",
            "tags": {},
            "tags_all": {}
          },
          "sensitive_attributes": [],
          "private": "eyJzY2hlbWFfdmVyc2lvbiI6IjAifQ=="
        }
      ]
    },
    {
      "mode": "managed",
      "type": "aws_organizations_organization",
      "name": "org",
      "provider": "provider[\"registry.terraform.io/hashicorp/aws\"]",
      "instances": [
        {
          "schema_version": 0,
          "attributes": {
            "accounts": [
              {
                "arn": "arn:aws:organizations::339712758060:account/o-5hzhyf326b/992382556889",
                "email": "the.abacus.app+images@gmail.com",
                "id": "992382556889",
                "name": "abacus-images",
                "status": "ACTIVE"
              },
              {
                "arn": "arn:aws:organizations::339712758060:account/o-5hzhyf326b/339712758060",
                "email": "the.abacus.app@gmail.com",
                "id": "339712758060",
                "name": "abacus-org",
                "status": "ACTIVE"
              }
            ],
            "arn": "arn:aws:organizations::339712758060:organization/o-5hzhyf326b",
            "aws_service_access_principals": [
              "sso.amazonaws.com"
            ],
            "enabled_policy_types": [],
            "feature_set": "ALL",
            "id": "o-5hzhyf326b",
            "master_account_arn": "arn:aws:organizations::339712758060:account/o-5hzhyf326b/339712758060",
            "master_account_email": "the.abacus.app@gmail.com",
            "master_account_id": "339712758060",
            "master_account_name": "abacus-org",
            "non_master_accounts": [
              {
                "arn": "arn:aws:organizations::339712758060:account/o-5hzhyf326b/992382556889",
                "email": "the.abacus.app+images@gmail.com",
                "id": "992382556889",
                "name": "abacus-images",
                "status": "ACTIVE"
              }
            ],
            "roots": [
              {
                "arn": "arn:aws:organizations::339712758060:root/o-5hzhyf326b/r-u3my",
                "id": "r-u3my",
                "name": "Root",
                "policy_types": []
              }
            ]
          },
          "sensitive_attributes": [],
          "private": "eyJzY2hlbWFfdmVyc2lvbiI6IjAifQ=="
        }
      ]
    },
    {
      "mode": "managed",
      "type": "tfe_organization",
      "name": "terraform_cloud_organization",
      "provider": "provider[\"registry.terraform.io/hashicorp/tfe\"]",
      "instances": [
        {
          "schema_version": 0,
          "attributes": {
            "aggregated_commit_status_enabled": true,
            "allow_force_delete_workspaces": false,
            "assessments_enforced": false,
            "collaborator_auth_policy": "password",
            "cost_estimation_enabled": false,
            "default_project_id": "prj-ZCQTonyQt6mn3qQr",
            "email": "the.abacus.app@gmail.com",
            "id": "abacus_org",
            "name": "abacus_org",
            "owners_team_saml_role_id": "",
            "send_passing_statuses_for_untriggered_speculative_plans": false,
            "session_remember_minutes": 0,
            "session_timeout_minutes": 0
          },
          "sensitive_attributes": [],
          "private": "bnVsbA=="
        }
      ]
    },
    {
      "mode": "managed",
      "type": "tfe_project",
      "name": "terraform_cloud_project",
      "provider": "provider[\"registry.terraform.io/hashicorp/tfe\"]",
      "instances": [
        {
          "schema_version": 0,
          "attributes": {
            "description": "",
            "id": "prj-ZCQTonyQt6mn3qQr",
            "name": "default_project",
            "organization": "abacus_org"
          },
          "sensitive_attributes": [],
          "private": "eyJzY2hlbWFfdmVyc2lvbiI6IjAifQ==",
          "dependencies": [
            "tfe_organization.terraform_cloud_organization"
          ]
        }
      ]
    },
    {
      "mode": "managed",
      "type": "tfe_variable",
      "name": "terraform_cloud_enable_aws_provider_auth",
      "provider": "provider[\"registry.terraform.io/hashicorp/tfe\"]",
      "instances": [
        {
          "schema_version": 1,
          "attributes": {
            "category": "env",
            "description": "Enable the Workload Identity integration for AWS.",
            "hcl": false,
            "id": "var-fE3LmiR7MhAWQ9ax",
            "key": "TFC_AWS_PROVIDER_AUTH",
            "readable_value": "true",
            "sensitive": false,
            "value": "true",
            "variable_set_id": null,
            "workspace_id": "ws-h7P1aXBjgAJQyuBg"
          },
          "sensitive_attributes": [
            [
              {
                "type": "get_attr",
                "value": "value"
              }
            ]
          ],
          "dependencies": [
            "tfe_organization.terraform_cloud_organization",
            "tfe_project.terraform_cloud_project",
            "tfe_workspace.terraform_cloud_genesis_workspace"
          ]
        }
      ]
    },
    {
      "mode": "managed",
      "type": "tfe_variable",
      "name": "tfc_aws_role_arn",
      "provider": "provider[\"registry.terraform.io/hashicorp/tfe\"]",
      "instances": [
        {
          "schema_version": 1,
          "attributes": {
            "category": "env",
            "description": "The AWS role arn runs will use to authenticate.",
            "hcl": false,
            "id": "var-huZCuu3ySPNNdakZ",
            "key": "TFC_AWS_RUN_ROLE_ARN",
            "readable_value": "arn:aws:iam::339712758060:role/TerraformCloudRole",
            "sensitive": false,
            "value": "arn:aws:iam::339712758060:role/TerraformCloudRole",
            "variable_set_id": null,
            "workspace_id": "ws-h7P1aXBjgAJQyuBg"
          },
          "sensitive_attributes": [
            [
              {
                "type": "get_attr",
                "value": "value"
              }
            ]
          ],
          "dependencies": [
            "aws_iam_openid_connect_provider.terraform_iam_openid_provider",
            "aws_iam_role.terraform_cloud_role",
            "data.tls_certificate.terraform_cloud_certificate",
            "tfe_organization.terraform_cloud_organization",
            "tfe_project.terraform_cloud_project",
            "tfe_workspace.terraform_cloud_genesis_workspace"
          ]
        }
      ]
    },
    {
      "mode": "managed",
      "type": "tfe_workspace",
      "name": "terraform_cloud_genesis_workspace",
      "provider": "provider[\"registry.terraform.io/hashicorp/tfe\"]",
      "instances": [
        {
          "schema_version": 1,
          "attributes": {
            "agent_pool_id": "",
            "allow_destroy_plan": true,
            "assessments_enabled": false,
            "auto_apply": false,
            "auto_apply_run_trigger": false,
            "auto_destroy_activity_duration": null,
            "auto_destroy_at": "",
            "description": "See description at https://github.com/josalvatorre/monorepo-alpha/tree/f41243576d015278683fa2d41b9f9a086e9a09fc/abacus/genesis",
            "execution_mode": "remote",
            "file_triggers_enabled": false,
            "force_delete": false,
            "global_remote_state": false,
            "html_url": "https://app.terraform.io/app/abacus_org/workspaces/genesis",
            "id": "ws-h7P1aXBjgAJQyuBg",
            "ignore_additional_tag_names": null,
            "name": "genesis",
            "operations": true,
            "organization": "abacus_org",
            "project_id": "prj-ZCQTonyQt6mn3qQr",
            "queue_all_runs": true,
            "remote_state_consumer_ids": [],
            "resource_count": 0,
            "source_name": "",
            "source_url": "",
            "speculative_enabled": true,
            "ssh_key_id": "",
            "structured_run_output_enabled": true,
            "tag_names": [],
            "terraform_version": "latest",
            "trigger_patterns": [],
            "trigger_prefixes": [],
            "vcs_repo": [
              {
                "branch": "",
                "github_app_installation_id": "ghain-1ByhkGkwQgB5bkex",
                "identifier": "josalvatorre/monorepo-alpha",
                "ingress_submodules": false,
                "oauth_token_id": "",
                "tags_regex": ""
              }
            ],
            "working_directory": "abacus/genesis"
          },
          "sensitive_attributes": [],
          "private": "eyJzY2hlbWFfdmVyc2lvbiI6IjEifQ==",
          "dependencies": [
            "tfe_organization.terraform_cloud_organization",
            "tfe_project.terraform_cloud_project"
          ]
        }
      ]
    }
  ],
  "check_results": null
}
